{
  "nodes": {
    "nixpkgs": {
      "locked": {
        "lastModified": 1773635250,
        "narHash": "sha256-iJIb2lENGaQHUREN5d5XCSKK3nesEro6pv1PCngFfPo=",
        "owner": "NixOS",
        "repo": "nixpkgs",
        "rev": "09612cb5a0972cf82bfadb2a63872376bbf00d2d",
        "type": "github"
      },
      "original": {
        "owner": "NixOS",
        "repo": "nixpkgs",
        "rev": "09612cb5a0972cf82bfadb2a63872376bbf00d2d",
        "type": "github"
      }
    },
    "root": {
      "inputs": {
        "nixpkgs": "nixpkgs"
      }
    }
  },
  "root": "root",
  "version": 7
}
